
Microsoft Visual Studio Solution File, Format Version 12.00
# Visual Studio Version 17
VisualStudioVersion = 17.0.31903.59
MinimumVisualStudioVersion = 10.0.40219.1
Project("{2150E333-8FDC-42A3-9474-1A3956D46DE8}") = "src", "src", "{827E0CD3-B72D-47B6-A68D-7590B98EB39B}"
EndProject
Project("{2150E333-8FDC-42A3-9474-1A3956D46DE8}") = "BuildingBlocks", "BuildingBlocks", "{90298CBA-BD6F-3A0A-69D5-97CAD7B05E7E}"
EndProject
Project("{FAE04EC0-301F-11D3-BF4B-00C04F79EFBC}") = "PizzaApp.BuildingBlocks", "src\BuildingBlocks\PizzaApp.BuildingBlocks.csproj", "{CF5E887B-8513-4151-AE44-E9EF81297298}"
EndProject
Project("{2150E333-8FDC-42A3-9474-1A3956D46DE8}") = "tests", "tests", "{0AB3BF05-4346-4AA6-1389-037BE0695223}"
EndProject
Project("{FAE04EC0-301F-11D3-BF4B-00C04F79EFBC}") = "PizzaApp.BuildingBlocks.Tests", "tests\PizzaApp.BuildingBlocks.Tests\PizzaApp.BuildingBlocks.Tests.csproj", "{D2F6A0A8-FA14-4BA1-B6BF-D28F08A6D580}"
EndProject
Project("{2150E333-8FDC-42A3-9474-1A3956D46DE8}") = "Services", "Services", "{984BB9B3-3FA3-BE33-9484-CAC21695A33C}"
EndProject
Project("{2150E333-8FDC-42A3-9474-1A3956D46DE8}") = "Auth", "Auth", "{473EF3C4-73FA-6715-AA3C-7C7929374EED}"
EndProject
Project("{FAE04EC0-301F-11D3-BF4B-00C04F79EFBC}") = "PizzaApp.Auth.Core", "src\Services\Auth\PizzaApp.Auth.Core\PizzaApp.Auth.Core.csproj", "{10B63F63-8879-47A5-BA9D-7E09F57A19D3}"
EndProject
Project("{FAE04EC0-301F-11D3-BF4B-00C04F79EFBC}") = "PizzaApp.Auth.Infrastructure", "src\Services\Auth\PizzaApp.Auth.Infrastructure\PizzaApp.Auth.Infrastructure.csproj", "{2C407445-C3F7-49E7-93E2-DC0098C2A515}"
EndProject
Project("{FAE04EC0-301F-11D3-BF4B-00C04F79EFBC}") = "PizzaApp.Auth.Tests", "tests\PizzaApp.Auth.Tests\PizzaApp.Auth.Tests.csproj", "{C1B15CB5-2765-4AF5-B9E6-D22B5B682D5F}"
EndProject
Project("{FAE04EC0-301F-11D3-BF4B-00C04F79EFBC}") = "PizzaApp.Auth.API", "src\Services\Auth\PizzaApp.Auth.API\PizzaApp.Auth.API.csproj", "{FD1BBD11-C746-4ED8-8F3B-D630FAE50D1A}"
EndProject
Project("{2150E333-8FDC-42A3-9474-1A3956D46DE8}") = "ApiGateway", "ApiGateway", "{FCA01246-F2C6-0AA7-D43F-FD13BE0B9D88}"
EndProject
Project("{FAE04EC0-301F-11D3-BF4B-00C04F79EFBC}") = "PizzaApp.ApiGateway", "src\ApiGateway\PizzaApp.ApiGateway.csproj", "{D84517C5-1883-48A1-A779-9ECD42C0CF78}"
EndProject
Project("{2150E333-8FDC-42A3-9474-1A3956D46DE8}") = "Category", "Category", "{F4DEFFA1-9243-E1D0-5A55-B2306EA2B0AB}"
EndProject
Project("{FAE04EC0-301F-11D3-BF4B-00C04F79EFBC}") = "PizzaApp.Category.Core", "src\Services\Category\PizzaApp.Category.Core\PizzaApp.Category.Core.csproj", "{F334388B-AA3F-4F9C-AB6A-037095D5229E}"
EndProject
Project("{FAE04EC0-301F-11D3-BF4B-00C04F79EFBC}") = "PizzaApp.Category.Infrastructure", "src\Services\Category\PizzaApp.Category.Infrastructure\PizzaApp.Category.Infrastructure.csproj", "{89159B8E-926F-4CD2-8F1E-DA57255CDF53}"
EndProject
Project("{FAE04EC0-301F-11D3-BF4B-00C04F79EFBC}") = "PizzaApp.Category.Tests", "tests\PizzaApp.Category.Tests\PizzaApp.Category.Tests.csproj", "{54A8A1EF-7138-4668-AD4A-7FD9009C5258}"
EndProject
Project("{FAE04EC0-301F-11D3-BF4B-00C04F79EFBC}") = "PizzaApp.Category.API", "src\Services\Category\PizzaApp.Category.API\PizzaApp.Category.API.csproj", "{795C5048-A106-42FB-94CE-E3CFA017F545}"
EndProject
Project("{2150E333-8FDC-42A3-9474-1A3956D46DE8}") = "Product", "Product", "{374CED38-7421-B0F7-DFE2-3AF3B9F49E7C}"
EndProject
Project("{FAE04EC0-301F-11D3-BF4B-00C04F79EFBC}") = "PizzaApp.Product.Core", "src\Services\Product\PizzaApp.Product.Core\PizzaApp.Product.Core.csproj", "{4DBD3C1F-DC94-4360-94D6-05F0E66F4689}"
EndProject
Project("{FAE04EC0-301F-11D3-BF4B-00C04F79EFBC}") = "PizzaApp.Product.Infrastructure", "src\Services\Product\PizzaApp.Product.Infrastructure\PizzaApp.Product.Infrastructure.csproj", "{07BA02BE-FDCC-49AE-BC44-AEF615B4B989}"
EndProject
Project("{FAE04EC0-301F-11D3-BF4B-00C04F79EFBC}") = "PizzaApp.Product.Tests", "tests\PizzaApp.Product.Tests\PizzaApp.Product.Tests.csproj", "{83781261-29AF-44A9-B128-146F44B8EFC3}"
EndProject
Project("{FAE04EC0-301F-11D3-BF4B-00C04F79EFBC}") = "PizzaApp.Product.API", "src\Services\Product\PizzaApp.Product.API\PizzaApp.Product.API.csproj", "{49EADE54-D7CC-43D2-8936-A8D02A2ADEFA}"
EndProject
Project("{2150E333-8FDC-42A3-9474-1A3956D46DE8}") = "Cart", "Cart", "{A9FD33CB-8A89-53B5-8D69-74AB4C88B43A}"
EndProject
Project("{FAE04EC0-301F-11D3-BF4B-00C04F79EFBC}") = "PizzaApp.Cart.Core", "src\Services\Cart\PizzaApp.Cart.Core\PizzaApp.Cart.Core.csproj", "{94EC90F8-07C3-4941-821C-9F1EA96FDECA}"
EndProject
Project("{FAE04EC0-301F-11D3-BF4B-00C04F79EFBC}") = "PizzaApp.Cart.Infrastructure", "src\Services\Cart\PizzaApp.Cart.Infrastructure\PizzaApp.Cart.Infrastructure.csproj", "{1B5F12E2-AC89-4137-A0EC-6FD2C828D34E}"
EndProject
Project("{FAE04EC0-301F-11D3-BF4B-00C04F79EFBC}") = "PizzaApp.Cart.Tests", "tests\PizzaApp.Cart.Tests\PizzaApp.Cart.Tests.csproj", "{BF0C85FA-5B98-4073-BA3D-DA290D2EBBF3}"
EndProject
Project("{FAE04EC0-301F-11D3-BF4B-00C04F79EFBC}") = "PizzaApp.Cart.API", "src\Services\Cart\PizzaApp.Cart.API\PizzaApp.Cart.API.csproj", "{480B164A-3CCE-4195-B957-AAD1421E4AF7}"
EndProject
Project("{2150E333-8FDC-42A3-9474-1A3956D46DE8}") = "Order", "Order", "{B851199A-4979-E597-3D50-97AC5992BBAF}"
EndProject
Project("{FAE04EC0-301F-11D3-BF4B-00C04F79EFBC}") = "PizzaApp.Order.Core", "src\Services\Order\PizzaApp.Order.Core\PizzaApp.Order.Core.csproj", "{48EEA84E-4DE7-47CF-8806-0761D542557A}"
EndProject
Project("{FAE04EC0-301F-11D3-BF4B-00C04F79EFBC}") = "PizzaApp.Order.Infrastructure", "src\Services\Order\PizzaApp.Order.Infrastructure\PizzaApp.Order.Infrastructure.csproj", "{E77F5D13-E200-4873-A2F3-B38819377131}"
EndProject
Project("{FAE04EC0-301F-11D3-BF4B-00C04F79EFBC}") = "PizzaApp.Order.Tests", "tests\PizzaApp.Order.Tests\PizzaApp.Order.Tests.csproj", "{EB41C18A-6C2A-4FA9-9EAE-0AC3AA069EFF}"
EndProject
Project("{FAE04EC0-301F-11D3-BF4B-00C04F79EFBC}") = "PizzaApp.Order.API", "src\Services\Order\PizzaApp.Order.API\PizzaApp.Order.API.csproj", "{C1BE3220-B418-4602-861E-9B171ED4F1BB}"
EndProject
Project("{2150E333-8FDC-42A3-9474-1A3956D46DE8}") = "Payment", "Payment", "{3FB03296-F262-2760-9861-73C41AF3766C}"
EndProject
Project("{FAE04EC0-301F-11D3-BF4B-00C04F79EFBC}") = "PizzaApp.Payment.Core", "src\Services\Payment\PizzaApp.Payment.Core\PizzaApp.Payment.Core.csproj", "{10475C69-AE52-4A92-9635-DD3DEA6B5BB2}"
EndProject
Project("{FAE04EC0-301F-11D3-BF4B-00C04F79EFBC}") = "PizzaApp.Payment.Infrastructure", "src\Services\Payment\PizzaApp.Payment.Infrastructure\PizzaApp.Payment.Infrastructure.csproj", "{1272145D-411F-4527-8455-FE6A6916FEC1}"
EndProject
Project("{FAE04EC0-301F-11D3-BF4B-00C04F79EFBC}") = "PizzaApp.Payment.Tests", "tests\PizzaApp.Payment.Tests\PizzaApp.Payment.Tests.csproj", "{9CF1D6E4-B273-4FDD-9FAA-4CFF6762076B}"
EndProject
Project("{FAE04EC0-301F-11D3-BF4B-00C04F79EFBC}") = "PizzaApp.Payment.API", "src\Services\Payment\PizzaApp.Payment.API\PizzaApp.Payment.API.csproj", "{61EC5CBA-9F10-411C-BD1D-FD9198D1EB3A}"
EndProject
Global
	GlobalSection(SolutionConfigurationPlatforms) = preSolution
		Debug|Any CPU = Debug|Any CPU
		Debug|x64 = Debug|x64
		Debug|x86 = Debug|x86
		Release|Any CPU = Release|Any CPU
		Release|x64 = Release|x64
		Release|x86 = Release|x86
	EndGlobalSection
	GlobalSection(ProjectConfigurationPlatforms) = postSolution
		{CF5E887B-8513-4151-AE44-E9EF81297298}.Debug|Any CPU.ActiveCfg = Debug|Any CPU
		{CF5E887B-8513-4151-AE44-E9EF81297298}.Debug|Any CPU.Build.0 = Debug|Any CPU
		{CF5E887B-8513-4151-AE44-E9EF81297298}.Debug|x64.ActiveCfg = Debug|Any CPU
		{CF5E887B-8513-4151-AE44-E9EF81297298}.Debug|x64.Build.0 = Debug|Any CPU
		{CF5E887B-8513-4151-AE44-E9EF81297298}.Debug|x86.ActiveCfg = Debug|Any CPU
		{CF5E887B-8513-4151-AE44-E9EF81297298}.Debug|x86.Build.0 = Debug|Any CPU
		{CF5E887B-8513-4151-AE44-E9EF81297298}.Release|Any CPU.ActiveCfg = Release|Any CPU
		{CF5E887B-8513-4151-AE44-E9EF81297298}.Release|Any CPU.Build.0 = Release|Any CPU
		{CF5E887B-8513-4151-AE44-E9EF81297298}.Release|x64.ActiveCfg = Release|Any CPU
		{CF5E887B-8513-4151-AE44-E9EF81297298}.Release|x64.Build.0 = Release|Any CPU
		{CF5E887B-8513-4151-AE44-E9EF81297298}.Release|x86.ActiveCfg = Release|Any CPU
		{CF5E887B-8513-4151-AE44-E9EF81297298}.Release|x86.Build.0 = Release|Any CPU
		{D2F6A0A8-FA14-4BA1-B6BF-D28F08A6D580}.Debug|Any CPU.ActiveCfg = Debug|Any CPU
		{D2F6A0A8-FA14-4BA1-B6BF-D28F08A6D580}.Debug|Any CPU.Build.0 = Debug|Any CPU
		{D2F6A0A8-FA14-4BA1-B6BF-D28F08A6D580}.Debug|x64.ActiveCfg = Debug|Any CPU
		{D2F6A0A8-FA14-4BA1-B6BF-D28F08A6D580}.Debug|x64.Build.0 = Debug|Any CPU
		{D2F6A0A8-FA14-4BA1-B6BF-D28F08A6D580}.Debug|x86.ActiveCfg = Debug|Any CPU
		{D2F6A0A8-FA14-4BA1-B6BF-D28F08A6D580}.Debug|x86.Build.0 = Debug|Any CPU
		{D2F6A0A8-FA14-4BA1-B6BF-D28F08A6D580}.Release|Any CPU.ActiveCfg = Release|Any CPU
		{D2F6A0A8-FA14-4BA1-B6BF-D28F08A6D580}.Release|Any CPU.Build.0 = Release|Any CPU
		{D2F6A0A8-FA14-4BA1-B6BF-D28F08A6D580}.Release|x64.ActiveCfg = Release|Any CPU
		{D2F6A0A8-FA14-4BA1-B6BF-D28F08A6D580}.Release|x64.Build.0 = Release|Any CPU
		{D2F6A0A8-FA14-4BA1-B6BF-D28F08A6D580}.Release|x86.ActiveCfg = Release|Any CPU
		{D2F6A0A8-FA14-4BA1-B6BF-D28F08A6D580}.Release|x86.Build.0 = Release|Any CPU
		{10B63F63-8879-47A5-BA9D-7E09F57A19D3}.Debug|Any CPU.ActiveCfg = Debug|Any CPU
		{10B63F63-8879-47A5-BA9D-7E09F57A19D3}.Debug|Any CPU.Build.0 = Debug|Any CPU
		{10B63F63-8879-47A5-BA9D-7E09F57A19D3}.Debug|x64.ActiveCfg = Debug|Any CPU
		{10B63F63-8879-47A5-BA9D-7E09F57A19D3}.Debug|x64.Build.0 = Debug|Any CPU
		{10B63F63-8879-47A5-BA9D-7E09F57A19D3}.Debug|x86.ActiveCfg = Debug|Any CPU
		{10B63F63-8879-47A5-BA9D-7E09F57A19D3}.Debug|x86.Build.0 = Debug|Any CPU
		{10B63F63-8879-47A5-BA9D-7E09F57A19D3}.Release|Any CPU.ActiveCfg = Release|Any CPU
		{10B63F63-8879-47A5-BA9D-7E09F57A19D3}.Release|Any CPU.Build.0 = Release|Any CPU
		{10B63F63-8879-47A5-BA9D-7E09F57A19D3}.Release|x64.ActiveCfg = Release|Any CPU
		{10B63F63-8879-47A5-BA9D-7E09F57A19D3}.Release|x64.Build.0 = Release|Any CPU
		{10B63F63-8879-47A5-BA9D-7E09F57A19D3}.Release|x86.ActiveCfg = Release|Any CPU
		{10B63F63-8879-47A5-BA9D-7E09F57A19D3}.Release|x86.Build.0 = Release|Any CPU
		{2C407445-C3F7-49E7-93E2-DC0098C2A515}.Debug|Any CPU.ActiveCfg = Debug|Any CPU
		{2C407445-C3F7-49E7-93E2-DC0098C2A515}.Debug|Any CPU.Build.0 = Debug|Any CPU
		{2C407445-C3F7-49E7-93E2-DC0098C2A515}.Debug|x64.ActiveCfg = Debug|Any CPU
		{2C407445-C3F7-49E7-93E2-DC0098C2A515}.Debug|x64.Build.0 = Debug|Any CPU
		{2C407445-C3F7-49E7-93E2-DC0098C2A515}.Debug|x86.ActiveCfg = Debug|Any CPU
		{2C407445-C3F7-49E7-93E2-DC0098C2A515}.Debug|x86.Build.0 = Debug|Any CPU
		{2C407445-C3F7-49E7-93E2-DC0098C2A515}.Release|Any CPU.ActiveCfg = Release|Any CPU
		{2C407445-C3F7-49E7-93E2-DC0098C2A515}.Release|Any CPU.Build.0 = Release|Any CPU
		{2C407445-C3F7-49E7-93E2-DC0098C2A515}.Release|x64.ActiveCfg = Release|Any CPU
		{2C407445-C3F7-49E7-93E2-DC0098C2A515}.Release|x64.Build.0 = Release|Any CPU
		{2C407445-C3F7-49E7-93E2-DC0098C2A515}.Release|x86.ActiveCfg = Release|Any CPU
		{2C407445-C3F7-49E7-93E2-DC0098C2A515}.Release|x86.Build.0 = Release|Any CPU
		{C1B15CB5-2765-4AF5-B9E6-D22B5B682D5F}.Debug|Any CPU.ActiveCfg = Debug|Any CPU
		{C1B15CB5-2765-4AF5-B9E6-D22B5B682D5F}.Debug|Any CPU.Build.0 = Debug|Any CPU
		{C1B15CB5-2765-4AF5-B9E6-D22B5B682D5F}.Debug|x64.ActiveCfg = Debug|Any CPU
		{C1B15CB5-2765-4AF5-B9E6-D22B5B682D5F}.Debug|x64.Build.0 = Debug|Any CPU
		{C1B15CB5-2765-4AF5-B9E6-D22B5B682D5F}.Debug|x86.ActiveCfg = Debug|Any CPU
		{C1B15CB5-2765-4AF5-B9E6-D22B5B682D5F}.Debug|x86.Build.0 = Debug|Any CPU
		{C1B15CB5-2765-4AF5-B9E6-D22B5B682D5F}.Release|Any CPU.ActiveCfg = Release|Any CPU
		{C1B15CB5-2765-4AF5-B9E6-D22B5B682D5F}.Release|Any CPU.Build.0 = Release|Any CPU
		{C1B15CB5-2765-4AF5-B9E6-D22B5B682D5F}.Release|x64.ActiveCfg = Release|Any CPU
		{C1B15CB5-2765-4AF5-B9E6-D22B5B682D5F}.Release|x64.Build.0 = Release|Any CPU
		{C1B15CB5-2765-4AF5-B9E6-D22B5B682D5F}.Release|x86.ActiveCfg = Release|Any CPU
		{C1B15CB5-2765-4AF5-B9E6-D22B5B682D5F}.Release|x86.Build.0 = Release|Any CPU
		{FD1BBD11-C746-4ED8-8F3B-D630FAE50D1A}.Debug|Any CPU.ActiveCfg = Debug|Any CPU
		{FD1BBD11-C746-4ED8-8F3B-D630FAE50D1A}.Debug|Any CPU.Build.0 = Debug|Any CPU
		{FD1BBD11-C746-4ED8-8F3B-D630FAE50D1A}.Debug|x64.ActiveCfg = Debug|Any CPU
		{FD1BBD11-C746-4ED8-8F3B-D630FAE50D1A}.Debug|x64.Build.0 = Debug|Any CPU
		{FD1BBD11-C746-4ED8-8F3B-D630FAE50D1A}.Debug|x86.ActiveCfg = Debug|Any CPU
		{FD1BBD11-C746-4ED8-8F3B-D630FAE50D1A}.Debug|x86.Build.0 = Debug|Any CPU
		{FD1BBD11-C746-4ED8-8F3B-D630FAE50D1A}.Release|Any CPU.ActiveCfg = Release|Any CPU
		{FD1BBD11-C746-4ED8-8F3B-D630FAE50D1A}.Release|Any CPU.Build.0 = Release|Any CPU
		{FD1BBD11-C746-4ED8-8F3B-D630FAE50D1A}.Release|x64.ActiveCfg = Release|Any CPU
		{FD1BBD11-C746-4ED8-8F3B-D630FAE50D1A}.Release|x64.Build.0 = Release|Any CPU
		{FD1BBD11-C746-4ED8-8F3B-D630FAE50D1A}.Release|x86.ActiveCfg = Release|Any CPU
		{FD1BBD11-C746-4ED8-8F3B-D630FAE50D1A}.Release|x86.Build.0 = Release|Any CPU
		{D84517C5-1883-48A1-A779-9ECD42C0CF78}.Debug|Any CPU.ActiveCfg = Debug|Any CPU
		{D84517C5-1883-48A1-A779-9ECD42C0CF78}.Debug|Any CPU.Build.0 = Debug|Any CPU
		{D84517C5-1883-48A1-A779-9ECD42C0CF78}.Debug|x64.ActiveCfg = Debug|Any CPU
		{D84517C5-1883-48A1-A779-9ECD42C0CF78}.Debug|x64.Build.0 = Debug|Any CPU
		{D84517C5-1883-48A1-A779-9ECD42C0CF78}.Debug|x86.ActiveCfg = Debug|Any CPU
		{D84517C5-1883-48A1-A779-9ECD42C0CF78}.Debug|x86.Build.0 = Debug|Any CPU
		{D84517C5-1883-48A1-A779-9ECD42C0CF78}.Release|Any CPU.ActiveCfg = Release|Any CPU
		{D84517C5-1883-48A1-A779-9ECD42C0CF78}.Release|Any CPU.Build.0 = Release|Any CPU
		{D84517C5-1883-48A1-A779-9ECD42C0CF78}.Release|x64.ActiveCfg = Release|Any CPU
		{D84517C5-1883-48A1-A779-9ECD42C0CF78}.Release|x64.Build.0 = Release|Any CPU
		{D84517C5-1883-48A1-A779-9ECD42C0CF78}.Release|x86.ActiveCfg = Release|Any CPU
		{D84517C5-1883-48A1-A779-9ECD42C0CF78}.Release|x86.Build.0 = Release|Any CPU
		{F334388B-AA3F-4F9C-AB6A-037095D5229E}.Debug|Any CPU.ActiveCfg = Debug|Any CPU
		{F334388B-AA3F-4F9C-AB6A-037095D5229E}.Debug|Any CPU.Build.0 = Debug|Any CPU
		{F334388B-AA3F-4F9C-AB6A-037095D5229E}.Debug|x64.ActiveCfg = Debug|Any CPU
		{F334388B-AA3F-4F9C-AB6A-037095D5229E}.Debug|x64.Build.0 = Debug|Any CPU
		{F334388B-AA3F-4F9C-AB6A-037095D5229E}.Debug|x86.ActiveCfg = Debug|Any CPU
		{F334388B-AA3F-4F9C-AB6A-037095D5229E}.Debug|x86.Build.0 = Debug|Any CPU
		{F334388B-AA3F-4F9C-AB6A-037095D5229E}.Release|Any CPU.ActiveCfg = Release|Any CPU
		{F334388B-AA3F-4F9C-AB6A-037095D5229E}.Release|Any CPU.Build.0 = Release|Any CPU
		{F334388B-AA3F-4F9C-AB6A-037095D5229E}.Release|x64.ActiveCfg = Release|Any CPU
		{F334388B-AA3F-4F9C-AB6A-037095D5229E}.Release|x64.Build.0 = Release|Any CPU
		{F334388B-AA3F-4F9C-AB6A-037095D5229E}.Release|x86.ActiveCfg = Release|Any CPU
		{F334388B-AA3F-4F9C-AB6A-037095D5229E}.Release|x86.Build.0 = Release|Any CPU
		{89159B8E-926F-4CD2-8F1E-DA57255CDF53}.Debug|Any CPU.ActiveCfg = Debug|Any CPU
		{89159B8E-926F-4CD2-8F1E-DA57255CDF53}.Debug|Any CPU.Build.0 = Debug|Any CPU
		{89159B8E-926F-4CD2-8F1E-DA57255CDF53}.Debug|x64.ActiveCfg = Debug|Any CPU
		{89159B8E-926F-4CD2-8F1E-DA57255CDF53}.Debug|x64.Build.0 = Debug|Any CPU
		{89159B8E-926F-4CD2-8F1E-DA57255CDF53}.Debug|x86.ActiveCfg = Debug|Any CPU
		{89159B8E-926F-4CD2-8F1E-DA57255CDF53}.Debug|x86.Build.0 = Debug|Any CPU
		{89159B8E-926F-4CD2-8F1E-DA57255CDF53}.Release|Any CPU.ActiveCfg = Release|Any CPU
		{89159B8E-926F-4CD2-8F1E-DA57255CDF53}.Release|Any CPU.Build.0 = Release|Any CPU
		{89159B8E-926F-4CD2-8F1E-DA57255CDF53}.Release|x64.ActiveCfg = Release|Any CPU
		{89159B8E-926F-4CD2-8F1E-DA57255CDF53}.Release|x64.Build.0 = Release|Any CPU
		{89159B8E-926F-4CD2-8F1E-DA57255CDF53}.Release|x86.ActiveCfg = Release|Any CPU
		{89159B8E-926F-4CD2-8F1E-DA57255CDF53}.Release|x86.Build.0 = Release|Any CPU
		{54A8A1EF-7138-4668-AD4A-7FD9009C5258}.Debug|Any CPU.ActiveCfg = Debug|Any CPU
		{54A8A1EF-7138-4668-AD4A-7FD9009C5258}.Debug|Any CPU.Build.0 = Debug|Any CPU
		{54A8A1EF-7138-4668-AD4A-7FD9009C5258}.Debug|x64.ActiveCfg = Debug|Any CPU
		{54A8A1EF-7138-4668-AD4A-7FD9009C5258}.Debug|x64.Build.0 = Debug|Any CPU
		{54A8A1EF-7138-4668-AD4A-7FD9009C5258}.Debug|x86.ActiveCfg = Debug|Any CPU
		{54A8A1EF-7138-4668-AD4A-7FD9009C5258}.Debug|x86.Build.0 = Debug|Any CPU
		{54A8A1EF-7138-4668-AD4A-7FD9009C5258}.Release|Any CPU.ActiveCfg = Release|Any CPU
		{54A8A1EF-7138-4668-AD4A-7FD9009C5258}.Release|Any CPU.Build.0 = Release|Any CPU
		{54A8A1EF-7138-4668-AD4A-7FD9009C5258}.Release|x64.ActiveCfg = Release|Any CPU
		{54A8A1EF-7138-4668-AD4A-7FD9009C5258}.Release|x64.Build.0 = Release|Any CPU
		{54A8A1EF-7138-4668-AD4A-7FD9009C5258}.Release|x86.ActiveCfg = Release|Any CPU
		{54A8A1EF-7138-4668-AD4A-7FD9009C5258}.Release|x86.Build.0 = Release|Any CPU
		{795C5048-A106-42FB-94CE-E3CFA017F545}.Debug|Any CPU.ActiveCfg = Debug|Any CPU
		{795C5048-A106-42FB-94CE-E3CFA017F545}.Debug|Any CPU.Build.0 = Debug|Any CPU
		{795C5048-A106-42FB-94CE-E3CFA017F545}.Debug|x64.ActiveCfg = Debug|Any CPU
		{795C5048-A106-42FB-94CE-E3CFA017F545}.Debug|x64.Build.0 = Debug|Any CPU
		{795C5048-A106-42FB-94CE-E3CFA017F545}.Debug|x86.ActiveCfg = Debug|Any CPU
		{795C5048-A106-42FB-94CE-E3CFA017F545}.Debug|x86.Build.0 = Debug|Any CPU
		{795C5048-A106-42FB-94CE-E3CFA017F545}.Release|Any CPU.ActiveCfg = Release|Any CPU
		{795C5048-A106-42FB-94CE-E3CFA017F545}.Release|Any CPU.Build.0 = Release|Any CPU
		{795C5048-A106-42FB-94CE-E3CFA017F545}.Release|x64.ActiveCfg = Release|Any CPU
		{795C5048-A106-42FB-94CE-E3CFA017F545}.Release|x64.Build.0 = Release|Any CPU
		{795C5048-A106-42FB-94CE-E3CFA017F545}.Release|x86.ActiveCfg = Release|Any CPU
		{795C5048-A106-42FB-94CE-E3CFA017F545}.Release|x86.Build.0 = Release|Any CPU
		{4DBD3C1F-DC94-4360-94D6-05F0E66F4689}.Debug|Any CPU.ActiveCfg = Debug|Any CPU
		{4DBD3C1F-DC94-4360-94D6-05F0E66F4689}.Debug|Any CPU.Build.0 = Debug|Any CPU
		{4DBD3C1F-DC94-4360-94D6-05F0E66F4689}.Debug|x64.ActiveCfg = Debug|Any CPU
		{4DBD3C1F-DC94-4360-94D6-05F0E66F4689}.Debug|x64.Build.0 = Debug|Any CPU
		{4DBD3C1F-DC94-4360-94D6-05F0E66F4689}.Debug|x86.ActiveCfg = Debug|Any CPU
		{4DBD3C1F-DC94-4360-94D6-05F0E66F4689}.Debug|x86.Build.0 = Debug|Any CPU
		{4DBD3C1F-DC94-4360-94D6-05F0E66F4689}.Release|Any CPU.ActiveCfg = Release|Any CPU
		{4DBD3C1F-DC94-4360-94D6-05F0E66F4689}.Release|Any CPU.Build.0 = Release|Any CPU
		{4DBD3C1F-DC94-4360-94D6-05F0E66F4689}.Release|x64.ActiveCfg = Release|Any CPU
		{4DBD3C1F-DC94-4360-94D6-05F0E66F4689}.Release|x64.Build.0 = Release|Any CPU
		{4DBD3C1F-DC94-4360-94D6-05F0E66F4689}.Release|x86.ActiveCfg = Release|Any CPU
		{4DBD3C1F-DC94-4360-94D6-05F0E66F4689}.Release|x86.Build.0 = Release|Any CPU
		{07BA02BE-FDCC-49AE-BC44-AEF615B4B989}.Debug|Any CPU.ActiveCfg = Debug|Any CPU
		{07BA02BE-FDCC-49AE-BC44-AEF615B4B989}.Debug|Any CPU.Build.0 = Debug|Any CPU
		{07BA02BE-FDCC-49AE-BC44-AEF615B4B989}.Debug|x64.ActiveCfg = Debug|Any CPU
		{07BA02BE-FDCC-49AE-BC44-AEF615B4B989}.Debug|x64.Build.0 = Debug|Any CPU
		{07BA02BE-FDCC-49AE-BC44-AEF615B4B989}.Debug|x86.ActiveCfg = Debug|Any CPU
		{07BA02BE-FDCC-49AE-BC44-AEF615B4B989}.Debug|x86.Build.0 = Debug|Any CPU
		{07BA02BE-FDCC-49AE-BC44-AEF615B4B989}.Release|Any CPU.ActiveCfg = Release|Any CPU
		{07BA02BE-FDCC-49AE-BC44-AEF615B4B989}.Release|Any CPU.Build.0 = Release|Any CPU
		{07BA02BE-FDCC-49AE-BC44-AEF615B4B989}.Release|x64.ActiveCfg = Release|Any CPU
		{07BA02BE-FDCC-49AE-BC44-AEF615B4B989}.Release|x64.Build.0 = Release|Any CPU
		{07BA02BE-FDCC-49AE-BC44-AEF615B4B989}.Release|x86.ActiveCfg = Release|Any CPU
		{07BA02BE-FDCC-49AE-BC44-AEF615B4B989}.Release|x86.Build.0 = Release|Any CPU
		{83781261-29AF-44A9-B128-146F44B8EFC3}.Debug|Any CPU.ActiveCfg = Debug|Any CPU
		{83781261-29AF-44A9-B128-146F44B8EFC3}.Debug|Any CPU.Build.0 = Debug|Any CPU
		{83781261-29AF-44A9-B128-146F44B8EFC3}.Debug|x64.ActiveCfg = Debug|Any CPU
		{83781261-29AF-44A9-B128-146F44B8EFC3}.Debug|x64.Build.0 = Debug|Any CPU
		{83781261-29AF-44A9-B128-146F44B8EFC3}.Debug|x86.ActiveCfg = Debug|Any CPU
		{83781261-29AF-44A9-B128-146F44B8EFC3}.Debug|x86.Build.0 = Debug|Any CPU
		{83781261-29AF-44A9-B128-146F44B8EFC3}.Release|Any CPU.ActiveCfg = Release|Any CPU
		{83781261-29AF-44A9-B128-146F44B8EFC3}.Release|Any CPU.Build.0 = Release|Any CPU
		{83781261-29AF-44A9-B128-146F44B8EFC3}.Release|x64.ActiveCfg = Release|Any CPU
		{83781261-29AF-44A9-B128-146F44B8EFC3}.Release|x64.Build.0 = Release|Any CPU
		{83781261-29AF-44A9-B128-146F44B8EFC3}.Release|x86.ActiveCfg = Release|Any CPU
		{83781261-29AF-44A9-B128-146F44B8EFC3}.Release|x86.Build.0 = Release|Any CPU
		{49EADE54-D7CC-43D2-8936-A8D02A2ADEFA}.Debug|Any CPU.ActiveCfg = Debug|Any CPU
		{49EADE54-D7CC-43D2-8936-A8D02A2ADEFA}.Debug|Any CPU.Build.0 = Debug|Any CPU
		{49EADE54-D7CC-43D2-8936-A8D02A2ADEFA}.Debug|x64.ActiveCfg = Debug|Any CPU
		{49EADE54-D7CC-43D2-8936-A8D02A2ADEFA}.Debug|x64.Build.0 = Debug|Any CPU
		{49EADE54-D7CC-43D2-8936-A8D02A2ADEFA}.Debug|x86.ActiveCfg = Debug|Any CPU
		{49EADE54-D7CC-43D2-8936-A8D02A2ADEFA}.Debug|x86.Build.0 = Debug|Any CPU
		{49EADE54-D7CC-43D2-8936-A8D02A2ADEFA}.Release|Any CPU.ActiveCfg = Release|Any CPU
		{49EADE54-D7CC-43D2-8936-A8D02A2ADEFA}.Release|Any CPU.Build.0 = Release|Any CPU
		{49EADE54-D7CC-43D2-8936-A8D02A2ADEFA}.Release|x64.ActiveCfg = Release|Any CPU
		{49EADE54-D7CC-43D2-8936-A8D02A2ADEFA}.Release|x64.Build.0 = Release|Any CPU
		{49EADE54-D7CC-43D2-8936-A8D02A2ADEFA}.Release|x86.ActiveCfg = Release|Any CPU
		{49EADE54-D7CC-43D2-8936-A8D02A2ADEFA}.Release|x86.Build.0 = Release|Any CPU
		{94EC90F8-07C3-4941-821C-9F1EA96FDECA}.Debug|Any CPU.ActiveCfg = Debug|Any CPU
		{94EC90F8-07C3-4941-821C-9F1EA96FDECA}.Debug|Any CPU.Build.0 = Debug|Any CPU
		{94EC90F8-07C3-4941-821C-9F1EA96FDECA}.Debug|x64.ActiveCfg = Debug|Any CPU
		{94EC90F8-07C3-4941-821C-9F1EA96FDECA}.Debug|x64.Build.0 = Debug|Any CPU
		{94EC90F8-07C3-4941-821C-9F1EA96FDECA}.Debug|x86.ActiveCfg = Debug|Any CPU
		{94EC90F8-07C3-4941-821C-9F1EA96FDECA}.Debug|x86.Build.0 = Debug|Any CPU
		{94EC90F8-07C3-4941-821C-9F1EA96FDECA}.Release|Any CPU.ActiveCfg = Release|Any CPU
		{94EC90F8-07C3-4941-821C-9F1EA96FDECA}.Release|Any CPU.Build.0 = Release|Any CPU
		{94EC90F8-07C3-4941-821C-9F1EA96FDECA}.Release|x64.ActiveCfg = Release|Any CPU
		{94EC90F8-07C3-4941-821C-9F1EA96FDECA}.Release|x64.Build.0 = Release|Any CPU
		{94EC90F8-07C3-4941-821C-9F1EA96FDECA}.Release|x86.ActiveCfg = Release|Any CPU
		{94EC90F8-07C3-4941-821C-9F1EA96FDECA}.Release|x86.Build.0 = Release|Any CPU
		{1B5F12E2-AC89-4137-A0EC-6FD2C828D34E}.Debug|Any CPU.ActiveCfg = Debug|Any CPU
		{1B5F12E2-AC89-4137-A0EC-6FD2C828D34E}.Debug|Any CPU.Build.0 = Debug|Any CPU
		{1B5F12E2-AC89-4137-A0EC-6FD2C828D34E}.Debug|x64.ActiveCfg = Debug|Any CPU
		{1B5F12E2-AC89-4137-A0EC-6FD2C828D34E}.Debug|x64.Build.0 = Debug|Any CPU
		{1B5F12E2-AC89-4137-A0EC-6FD2C828D34E}.Debug|x86.ActiveCfg = Debug|Any CPU
		{1B5F12E2-AC89-4137-A0EC-6FD2C828D34E}.Debug|x86.Build.0 = Debug|Any CPU
		{1B5F12E2-AC89-4137-A0EC-6FD2C828D34E}.Release|Any CPU.ActiveCfg = Release|Any CPU
		{1B5F12E2-AC89-4137-A0EC-6FD2C828D34E}.Release|Any CPU.Build.0 = Release|Any CPU
		{1B5F12E2-AC89-4137-A0EC-6FD2C828D34E}.Release|x64.ActiveCfg = Release|Any CPU
		{1B5F12E2-AC89-4137-A0EC-6FD2C828D34E}.Release|x64.Build.0 = Release|Any CPU
		{1B5F12E2-AC89-4137-A0EC-6FD2C828D34E}.Release|x86.ActiveCfg = Release|Any CPU
		{1B5F12E2-AC89-4137-A0EC-6FD2C828D34E}.Release|x86.Build.0 = Release|Any CPU
		{BF0C85FA-5B98-4073-BA3D-DA290D2EBBF3}.Debug|Any CPU.ActiveCfg = Debug|Any CPU
		{BF0C85FA-5B98-4073-BA3D-DA290D2EBBF3}.Debug|Any CPU.Build.0 = Debug|Any CPU
		{BF0C85FA-5B98-4073-BA3D-DA290D2EBBF3}.Debug|x64.ActiveCfg = Debug|Any CPU
		{BF0C85FA-5B98-4073-BA3D-DA290D2EBBF3}.Debug|x64.Build.0 = Debug|Any CPU
		{BF0C85FA-5B98-4073-BA3D-DA290D2EBBF3}.Debug|x86.ActiveCfg = Debug|Any CPU
		{BF0C85FA-5B98-4073-BA3D-DA290D2EBBF3}.Debug|x86.Build.0 = Debug|Any CPU
		{BF0C85FA-5B98-4073-BA3D-DA290D2EBBF3}.Release|Any CPU.ActiveCfg = Release|Any CPU
		{BF0C85FA-5B98-4073-BA3D-DA290D2EBBF3}.Release|Any CPU.Build.0 = Release|Any CPU
		{BF0C85FA-5B98-4073-BA3D-DA290D2EBBF3}.Release|x64.ActiveCfg = Release|Any CPU
		{BF0C85FA-5B98-4073-BA3D-DA290D2EBBF3}.Release|x64.Build.0 = Release|Any CPU
		{BF0C85FA-5B98-4073-BA3D-DA290D2EBBF3}.Release|x86.ActiveCfg = Release|Any CPU
		{BF0C85FA-5B98-4073-BA3D-DA290D2EBBF3}.Release|x86.Build.0 = Release|Any CPU
		{480B164A-3CCE-4195-B957-AAD1421E4AF7}.Debug|Any CPU.ActiveCfg = Debug|Any CPU
		{480B164A-3CCE-4195-B957-AAD1421E4AF7}.Debug|Any CPU.Build.0 = Debug|Any CPU
		{480B164A-3CCE-4195-B957-AAD1421E4AF7}.Debug|x64.ActiveCfg = Debug|Any CPU
		{480B164A-3CCE-4195-B957-AAD1421E4AF7}.Debug|x64.Build.0 = Debug|Any CPU
		{480B164A-3CCE-4195-B957-AAD1421E4AF7}.Debug|x86.ActiveCfg = Debug|Any CPU
		{480B164A-3CCE-4195-B957-AAD1421E4AF7}.Debug|x86.Build.0 = Debug|Any CPU
		{480B164A-3CCE-4195-B957-AAD1421E4AF7}.Release|Any CPU.ActiveCfg = Release|Any CPU
		{480B164A-3CCE-4195-B957-AAD1421E4AF7}.Release|Any CPU.Build.0 = Release|Any CPU
		{480B164A-3CCE-4195-B957-AAD1421E4AF7}.Release|x64.ActiveCfg = Release|Any CPU
		{480B164A-3CCE-4195-B957-AAD1421E4AF7}.Release|x64.Build.0 = Release|Any CPU
		{480B164A-3CCE-4195-B957-AAD1421E4AF7}.Release|x86.ActiveCfg = Release|Any CPU
		{480B164A-3CCE-4195-B957-AAD1421E4AF7}.Release|x86.Build.0 = Release|Any CPU
		{48EEA84E-4DE7-47CF-8806-0761D542557A}.Debug|Any CPU.ActiveCfg = Debug|Any CPU
		{48EEA84E-4DE7-47CF-8806-0761D542557A}.Debug|Any CPU.Build.0 = Debug|Any CPU
		{48EEA84E-4DE7-47CF-8806-0761D542557A}.Debug|x64.ActiveCfg = Debug|Any CPU
		{48EEA84E-4DE7-47CF-8806-0761D542557A}.Debug|x64.Build.0 = Debug|Any CPU
		{48EEA84E-4DE7-47CF-8806-0761D542557A}.Debug|x86.ActiveCfg = Debug|Any CPU
		{48EEA84E-4DE7-47CF-8806-0761D542557A}.Debug|x86.Build.0 = Debug|Any CPU
		{48EEA84E-4DE7-47CF-8806-0761D542557A}.Release|Any CPU.ActiveCfg = Release|Any CPU
		{48EEA84E-4DE7-47CF-8806-0761D542557A}.Release|Any CPU.Build.0 = Release|Any CPU
		{48EEA84E-4DE7-47CF-8806-0761D542557A}.Release|x64.ActiveCfg = Release|Any CPU
		{48EEA84E-4DE7-47CF-8806-0761D542557A}.Release|x64.Build.0 = Release|Any CPU
		{48EEA84E-4DE7-47CF-8806-0761D542557A}.Release|x86.ActiveCfg = Release|Any CPU
		{48EEA84E-4DE7-47CF-8806-0761D542557A}.Release|x86.Build.0 = Release|Any CPU
		{E77F5D13-E200-4873-A2F3-B38819377131}.Debug|Any CPU.ActiveCfg = Debug|Any CPU
		{E77F5D13-E200-4873-A2F3-B38819377131}.Debug|Any CPU.Build.0 = Debug|Any CPU
		{E77F5D13-E200-4873-A2F3-B38819377131}.Debug|x64.ActiveCfg = Debug|Any CPU
		{E77F5D13-E200-4873-A2F3-B38819377131}.Debug|x64.Build.0 = Debug|Any CPU
		{E77F5D13-E200-4873-A2F3-B38819377131}.Debug|x86.ActiveCfg = Debug|Any CPU
		{E77F5D13-E200-4873-A2F3-B38819377131}.Debug|x86.Build.0 = Debug|Any CPU
		{E77F5D13-E200-4873-A2F3-B38819377131}.Release|Any CPU.ActiveCfg = Release|Any CPU
		{E77F5D13-E200-4873-A2F3-B38819377131}.Release|Any CPU.Build.0 = Release|Any CPU
		{E77F5D13-E200-4873-A2F3-B38819377131}.Release|x64.ActiveCfg = Release|Any CPU
		{E77F5D13-E200-4873-A2F3-B38819377131}.Release|x64.Build.0 = Release|Any CPU
		{E77F5D13-E200-4873-A2F3-B38819377131}.Release|x86.ActiveCfg = Release|Any CPU
		{E77F5D13-E200-4873-A2F3-B38819377131}.Release|x86.Build.0 = Release|Any CPU
		{EB41C18A-6C2A-4FA9-9EAE-0AC3AA069EFF}.Debug|Any CPU.ActiveCfg = Debug|Any CPU
		{EB41C18A-6C2A-4FA9-9EAE-0AC3AA069EFF}.Debug|Any CPU.Build.0 = Debug|Any CPU
		{EB41C18A-6C2A-4FA9-9EAE-0AC3AA069EFF}.Debug|x64.ActiveCfg = Debug|Any CPU
		{EB41C18A-6C2A-4FA9-9EAE-0AC3AA069EFF}.Debug|x64.Build.0 = Debug|Any CPU
		{EB41C18A-6C2A-4FA9-9EAE-0AC3AA069EFF}.Debug|x86.ActiveCfg = Debug|Any CPU
		{EB41C18A-6C2A-4FA9-9EAE-0AC3AA069EFF}.Debug|x86.Build.0 = Debug|Any CPU
		{EB41C18A-6C2A-4FA9-9EAE-0AC3AA069EFF}.Release|Any CPU.ActiveCfg = Release|Any CPU
		{EB41C18A-6C2A-4FA9-9EAE-0AC3AA069EFF}.Release|Any CPU.Build.0 = Release|Any CPU
		{EB41C18A-6C2A-4FA9-9EAE-0AC3AA069EFF}.Release|x64.ActiveCfg = Release|Any CPU
		{EB41C18A-6C2A-4FA9-9EAE-0AC3AA069EFF}.Release|x64.Build.0 = Release|Any CPU
		{EB41C18A-6C2A-4FA9-9EAE-0AC3AA069EFF}.Release|x86.ActiveCfg = Release|Any CPU
		{EB41C18A-6C2A-4FA9-9EAE-0AC3AA069EFF}.Release|x86.Build.0 = Release|Any CPU
		{C1BE3220-B418-4602-861E-9B171ED4F1BB}.Debug|Any CPU.ActiveCfg = Debug|Any CPU
		{C1BE3220-B418-4602-861E-9B171ED4F1BB}.Debug|Any CPU.Build.0 = Debug|Any CPU
		{C1BE3220-B418-4602-861E-9B171ED4F1BB}.Debug|x64.ActiveCfg = Debug|Any CPU
		{C1BE3220-B418-4602-861E-9B171ED4F1BB}.Debug|x64.Build.0 = Debug|Any CPU
		{C1BE3220-B418-4602-861E-9B171ED4F1BB}.Debug|x86.ActiveCfg = Debug|Any CPU
		{C1BE3220-B418-4602-861E-9B171ED4F1BB}.Debug|x86.Build.0 = Debug|Any CPU
		{C1BE3220-B418-4602-861E-9B171ED4F1BB}.Release|Any CPU.ActiveCfg = Release|Any CPU
		{C1BE3220-B418-4602-861E-9B171ED4F1BB}.Release|Any CPU.Build.0 = Release|Any CPU
		{C1BE3220-B418-4602-861E-9B171ED4F1BB}.Release|x64.ActiveCfg = Release|Any CPU
		{C1BE3220-B418-4602-861E-9B171ED4F1BB}.Release|x64.Build.0 = Release|Any CPU
		{C1BE3220-B418-4602-861E-9B171ED4F1BB}.Release|x86.ActiveCfg = Release|Any CPU
		{C1BE3220-B418-4602-861E-9B171ED4F1BB}.Release|x86.Build.0 = Release|Any CPU
		{10475C69-AE52-4A92-9635-DD3DEA6B5BB2}.Debug|Any CPU.ActiveCfg = Debug|Any CPU
		{10475C69-AE52-4A92-9635-DD3DEA6B5BB2}.Debug|Any CPU.Build.0 = Debug|Any CPU
		{10475C69-AE52-4A92-9635-DD3DEA6B5BB2}.Debug|x64.ActiveCfg = Debug|Any CPU
		{10475C69-AE52-4A92-9635-DD3DEA6B5BB2}.Debug|x64.Build.0 = Debug|Any CPU
		{10475C69-AE52-4A92-9635-DD3DEA6B5BB2}.Debug|x86.ActiveCfg = Debug|Any CPU
		{10475C69-AE52-4A92-9635-DD3DEA6B5BB2}.Debug|x86.Build.0 = Debug|Any CPU
		{10475C69-AE52-4A92-9635-DD3DEA6B5BB2}.Release|Any CPU.ActiveCfg = Release|Any CPU
		{10475C69-AE52-4A92-9635-DD3DEA6B5BB2}.Release|Any CPU.Build.0 = Release|Any CPU
		{10475C69-AE52-4A92-9635-DD3DEA6B5BB2}.Release|x64.ActiveCfg = Release|Any CPU
		{10475C69-AE52-4A92-9635-DD3DEA6B5BB2}.Release|x64.Build.0 = Release|Any CPU
		{10475C69-AE52-4A92-9635-DD3DEA6B5BB2}.Release|x86.ActiveCfg = Release|Any CPU
		{10475C69-AE52-4A92-9635-DD3DEA6B5BB2}.Release|x86.Build.0 = Release|Any CPU
		{1272145D-411F-4527-8455-FE6A6916FEC1}.Debug|Any CPU.ActiveCfg = Debug|Any CPU
		{1272145D-411F-4527-8455-FE6A6916FEC1}.Debug|Any CPU.Build.0 = Debug|Any CPU
		{1272145D-411F-4527-8455-FE6A6916FEC1}.Debug|x64.ActiveCfg = Debug|Any CPU
		{1272145D-411F-4527-8455-FE6A6916FEC1}.Debug|x64.Build.0 = Debug|Any CPU
		{1272145D-411F-4527-8455-FE6A6916FEC1}.Debug|x86.ActiveCfg = Debug|Any CPU
		{1272145D-411F-4527-8455-FE6A6916FEC1}.Debug|x86.Build.0 = Debug|Any CPU
		{1272145D-411F-4527-8455-FE6A6916FEC1}.Release|Any CPU.ActiveCfg = Release|Any CPU
		{1272145D-411F-4527-8455-FE6A6916FEC1}.Release|Any CPU.Build.0 = Release|Any CPU
		{1272145D-411F-4527-8455-FE6A6916FEC1}.Release|x64.ActiveCfg = Release|Any CPU
		{1272145D-411F-4527-8455-FE6A6916FEC1}.Release|x64.Build.0 = Release|Any CPU
		{1272145D-411F-4527-8455-FE6A6916FEC1}.Release|x86.ActiveCfg = Release|Any CPU
		{1272145D-411F-4527-8455-FE6A6916FEC1}.Release|x86.Build.0 = Release|Any CPU
		{9CF1D6E4-B273-4FDD-9FAA-4CFF6762076B}.Debug|Any CPU.ActiveCfg = Debug|Any CPU
		{9CF1D6E4-B273-4FDD-9FAA-4CFF6762076B}.Debug|Any CPU.Build.0 = Debug|Any CPU
		{9CF1D6E4-B273-4FDD-9FAA-4CFF6762076B}.Debug|x64.ActiveCfg = Debug|Any CPU
		{9CF1D6E4-B273-4FDD-9FAA-4CFF6762076B}.Debug|x64.Build.0 = Debug|Any CPU
		{9CF1D6E4-B273-4FDD-9FAA-4CFF6762076B}.Debug|x86.ActiveCfg = Debug|Any CPU
		{9CF1D6E4-B273-4FDD-9FAA-4CFF6762076B}.Debug|x86.Build.0 = Debug|Any CPU
		{9CF1D6E4-B273-4FDD-9FAA-4CFF6762076B}.Release|Any CPU.ActiveCfg = Release|Any CPU
		{9CF1D6E4-B273-4FDD-9FAA-4CFF6762076B}.Release|Any CPU.Build.0 = Release|Any CPU
		{9CF1D6E4-B273-4FDD-9FAA-4CFF6762076B}.Release|x64.ActiveCfg = Release|Any CPU
		{9CF1D6E4-B273-4FDD-9FAA-4CFF6762076B}.Release|x64.Build.0 = Release|Any CPU
		{9CF1D6E4-B273-4FDD-9FAA-4CFF6762076B}.Release|x86.ActiveCfg = Release|Any CPU
		{9CF1D6E4-B273-4FDD-9FAA-4CFF6762076B}.Release|x86.Build.0 = Release|Any CPU
		{61EC5CBA-9F10-411C-BD1D-FD9198D1EB3A}.Debug|Any CPU.ActiveCfg = Debug|Any CPU
		{61EC5CBA-9F10-411C-BD1D-FD9198D1EB3A}.Debug|Any CPU.Build.0 = Debug|Any CPU
		{61EC5CBA-9F10-411C-BD1D-FD9198D1EB3A}.Debug|x64.ActiveCfg = Debug|Any CPU
		{61EC5CBA-9F10-411C-BD1D-FD9198D1EB3A}.Debug|x64.Build.0 = Debug|Any CPU
		{61EC5CBA-9F10-411C-BD1D-FD9198D1EB3A}.Debug|x86.ActiveCfg = Debug|Any CPU
		{61EC5CBA-9F10-411C-BD1D-FD9198D1EB3A}.Debug|x86.Build.0 = Debug|Any CPU
		{61EC5CBA-9F10-411C-BD1D-FD9198D1EB3A}.Release|Any CPU.ActiveCfg = Release|Any CPU
		{61EC5CBA-9F10-411C-BD1D-FD9198D1EB3A}.Release|Any CPU.Build.0 = Release|Any CPU
		{61EC5CBA-9F10-411C-BD1D-FD9198D1EB3A}.Release|x64.ActiveCfg = Release|Any CPU
		{61EC5CBA-9F10-411C-BD1D-FD9198D1EB3A}.Release|x64.Build.0 = Release|Any CPU
		{61EC5CBA-9F10-411C-BD1D-FD9198D1EB3A}.Release|x86.ActiveCfg = Release|Any CPU
		{61EC5CBA-9F10-411C-BD1D-FD9198D1EB3A}.Release|x86.Build.0 = Release|Any CPU
	EndGlobalSection
	GlobalSection(SolutionProperties) = preSolution
		HideSolutionNode = FALSE
	EndGlobalSection
	GlobalSection(NestedProjects) = preSolution
		{90298CBA-BD6F-3A0A-69D5-97CAD7B05E7E} = {827E0CD3-B72D-47B6-A68D-7590B98EB39B}
		{CF5E887B-8513-4151-AE44-E9EF81297298} = {90298CBA-BD6F-3A0A-69D5-97CAD7B05E7E}
		{D2F6A0A8-FA14-4BA1-B6BF-D28F08A6D580} = {0AB3BF05-4346-4AA6-1389-037BE0695223}
		{984BB9B3-3FA3-BE33-9484-CAC21695A33C} = {827E0CD3-B72D-47B6-A68D-7590B98EB39B}
		{473EF3C4-73FA-6715-AA3C-7C7929374EED} = {984BB9B3-3FA3-BE33-9484-CAC21695A33C}
		{10B63F63-8879-47A5-BA9D-7E09F57A19D3} = {473EF3C4-73FA-6715-AA3C-7C7929374EED}
		{2C407445-C3F7-49E7-93E2-DC0098C2A515} = {473EF3C4-73FA-6715-AA3C-7C7929374EED}
		{C1B15CB5-2765-4AF5-B9E6-D22B5B682D5F} = {0AB3BF05-4346-4AA6-1389-037BE0695223}
		{FD1BBD11-C746-4ED8-8F3B-D630FAE50D1A} = {473EF3C4-73FA-6715-AA3C-7C7929374EED}
		{FCA01246-F2C6-0AA7-D43F-FD13BE0B9D88} = {827E0CD3-B72D-47B6-A68D-7590B98EB39B}
		{D84517C5-1883-48A1-A779-9ECD42C0CF78} = {FCA01246-F2C6-0AA7-D43F-FD13BE0B9D88}
		{F4DEFFA1-9243-E1D0-5A55-B2306EA2B0AB} = {984BB9B3-3FA3-BE33-9484-CAC21695A33C}
		{F334388B-AA3F-4F9C-AB6A-037095D5229E} = {F4DEFFA1-9243-E1D0-5A55-B2306EA2B0AB}
		{89159B8E-926F-4CD2-8F1E-DA57255CDF53} = {F4DEFFA1-9243-E1D0-5A55-B2306EA2B0AB}
		{54A8A1EF-7138-4668-AD4A-7FD9009C5258} = {F4DEFFA1-9243-E1D0-5A55-B2306EA2B0AB}
		{795C5048-A106-42FB-94CE-E3CFA017F545} = {F4DEFFA1-9243-E1D0-5A55-B2306EA2B0AB}
		{374CED38-7421-B0F7-DFE2-3AF3B9F49E7C} = {984BB9B3-3FA3-BE33-9484-CAC21695A33C}
		{4DBD3C1F-DC94-4360-94D6-05F0E66F4689} = {374CED38-7421-B0F7-DFE2-3AF3B9F49E7C}
		{07BA02BE-FDCC-49AE-BC44-AEF615B4B989} = {374CED38-7421-B0F7-DFE2-3AF3B9F49E7C}
		{83781261-29AF-44A9-B128-146F44B8EFC3} = {374CED38-7421-B0F7-DFE2-3AF3B9F49E7C}
		{49EADE54-D7CC-43D2-8936-A8D02A2ADEFA} = {374CED38-7421-B0F7-DFE2-3AF3B9F49E7C}
		{A9FD33CB-8A89-53B5-8D69-74AB4C88B43A} = {984BB9B3-3FA3-BE33-9484-CAC21695A33C}
		{94EC90F8-07C3-4941-821C-9F1EA96FDECA} = {A9FD33CB-8A89-53B5-8D69-74AB4C88B43A}
		{1B5F12E2-AC89-4137-A0EC-6FD2C828D34E} = {A9FD33CB-8A89-53B5-8D69-74AB4C88B43A}
		{BF0C85FA-5B98-4073-BA3D-DA290D2EBBF3} = {A9FD33CB-8A89-53B5-8D69-74AB4C88B43A}
		{480B164A-3CCE-4195-B957-AAD1421E4AF7} = {A9FD33CB-8A89-53B5-8D69-74AB4C88B43A}
		{B851199A-4979-E597-3D50-97AC5992BBAF} = {984BB9B3-3FA3-BE33-9484-CAC21695A33C}
		{48EEA84E-4DE7-47CF-8806-0761D542557A} = {B851199A-4979-E597-3D50-97AC5992BBAF}
		{E77F5D13-E200-4873-A2F3-B38819377131} = {B851199A-4979-E597-3D50-97AC5992BBAF}
		{EB41C18A-6C2A-4FA9-9EAE-0AC3AA069EFF} = {B851199A-4979-E597-3D50-97AC5992BBAF}
		{C1BE3220-B418-4602-861E-9B171ED4F1BB} = {B851199A-4979-E597-3D50-97AC5992BBAF}
		{3FB03296-F262-2760-9861-73C41AF3766C} = {984BB9B3-3FA3-BE33-9484-CAC21695A33C}
		{10475C69-AE52-4A92-9635-DD3DEA6B5BB2} = {3FB03296-F262-2760-9861-73C41AF3766C}
		{1272145D-411F-4527-8455-FE6A6916FEC1} = {3FB03296-F262-2760-9861-73C41AF3766C}
		{9CF1D6E4-B273-4FDD-9FAA-4CFF6762076B} = {3FB03296-F262-2760-9861-73C41AF3766C}
		{61EC5CBA-9F10-411C-BD1D-FD9198D1EB3A} = {3FB03296-F262-2760-9861-73C41AF3766C}
	EndGlobalSection
EndGlobal
