
Microsoft Visual Studio Solution File, Format Version 12.00
# Visual Studio Version 17
VisualStudioVersion = 17.0.31903.59
MinimumVisualStudioVersion = 10.0.40219.1
Project("{2150E333-8FDC-42A3-9474-1A3956D46DE8}") = "src", "src", "{827E0CD3-B72D-47B6-A68D-7590B98EB39B}"
EndProject
Project("{2150E333-8FDC-42A3-9474-1A3956D46DE8}") = "BuildingBlocks", "BuildingBlocks", "{90298CBA-BD6F-3A0A-69D5-97CAD7B05E7E}"
EndProject
Project("{FAE04EC0-301F-11D3-BF4B-00C04F79EFBC}") = "PizzaApp.BuildingBlocks", "src\BuildingBlocks\PizzaApp.BuildingBlocks.csproj", "{CF5E887B-8513-4151-AE44-E9EF81297298}"
EndProject
Project("{2150E333-8FDC-42A3-9474-1A3956D46DE8}") = "tests", "tests", "{0AB3BF05-4346-4AA6-1389-037BE0695223}"
EndProject
Project("{FAE04EC0-301F-11D3-BF4B-00C04F79EFBC}") = "PizzaApp.BuildingBlocks.Tests", "tests\PizzaApp.BuildingBlocks.Tests\PizzaApp.BuildingBlocks.Tests.csproj", "{D2F6A0A8-FA14-4BA1-B6BF-D28F08A6D580}"
EndProject
Project("{2150E333-8FDC-42A3-9474-1A3956D46DE8}") = "Services", "Services", "{984BB9B3-3FA3-BE33-9484-CAC21695A33C}"
EndProject
Project("{2150E333-8FDC-42A3-9474-1A3956D46DE8}") = "Auth", "Auth", "{473EF3C4-73FA-6715-AA3C-7C7929374EED}"
EndProject
Project("{FAE04EC0-301F-11D3-BF4B-00C04F79EFBC}") = "PizzaApp.Auth.Core", "src\Services\Auth\PizzaApp.Auth.Core\PizzaApp.Auth.Core.csproj", "{10B63F63-8879-47A5-BA9D-7E09F57A19D3}"
EndProject
Project("{FAE04EC0-301F-11D3-BF4B-00C04F79EFBC}") = "PizzaApp.Auth.Infrastructure", "src\Services\Auth\PizzaApp.Auth.Infrastructure\PizzaApp.Auth.Infrastructure.csproj", "{2C407445-C3F7-49E7-93E2-DC0098C2A515}"
EndProject
Project("{FAE04EC0-301F-11D3-BF4B-00C04F79EFBC}") = "PizzaApp.Auth.Tests", "tests\PizzaApp.Auth.Tests\PizzaApp.Auth.Tests.csproj", "{C1B15CB5-2765-4AF5-B9E6-D22B5B682D5F}"
EndProject
Project("{FAE04EC0-301F-11D3-BF4B-00C04F79EFBC}") = "PizzaApp.Auth.API", "src\Services\Auth\PizzaApp.Auth.API\PizzaApp.Auth.API.csproj", "{FD1BBD11-C746-4ED8-8F3B-D630FAE50D1A}"
EndProject
Project("{2150E333-8FDC-42A3-9474-1A3956D46DE8}") = "ApiGateway", "ApiGateway", "{FCA01246-F2C6-0AA7-D43F-FD13BE0B9D88}"
EndProject
Project("{FAE04EC0-301F-11D3-BF4B-00C04F79EFBC}") = "PizzaApp.ApiGateway", "src\ApiGateway\PizzaApp.ApiGateway.csproj", "{D84517C5-1883-48A1-A779-9ECD42C0CF78}"
EndProject
Global
	GlobalSection(SolutionConfigurationPlatforms) = preSolution
		Debug|Any CPU = Debug|Any CPU
		Debug|x64 = Debug|x64
		Debug|x86 = Debug|x86
		Release|Any CPU = Release|Any CPU
		Release|x64 = Release|x64
		Release|x86 = Release|x86
	EndGlobalSection
	GlobalSection(ProjectConfigurationPlatforms) = postSolution
		{CF5E887B-8513-4151-AE44-E9EF81297298}.Debug|Any CPU.ActiveCfg = Debug|Any CPU
		{CF5E887B-8513-4151-AE44-E9EF81297298}.Debug|Any CPU.Build.0 = Debug|Any CPU
		{CF5E887B-8513-4151-AE44-E9EF81297298}.Debug|x64.ActiveCfg = Debug|Any CPU
		{CF5E887B-8513-4151-AE44-E9EF81297298}.Debug|x64.Build.0 = Debug|Any CPU
		{CF5E887B-8513-4151-AE44-E9EF81297298}.Debug|x86.ActiveCfg = Debug|Any CPU
		{CF5E887B-8513-4151-AE44-E9EF81297298}.Debug|x86.Build.0 = Debug|Any CPU
		{CF5E887B-8513-4151-AE44-E9EF81297298}.Release|Any CPU.ActiveCfg = Release|Any CPU
		{CF5E887B-8513-4151-AE44-E9EF81297298}.Release|Any CPU.Build.0 = Release|Any CPU
		{CF5E887B-8513-4151-AE44-E9EF81297298}.Release|x64.ActiveCfg = Release|Any CPU
		{CF5E887B-8513-4151-AE44-E9EF81297298}.Release|x64.Build.0 = Release|Any CPU
		{CF5E887B-8513-4151-AE44-E9EF81297298}.Release|x86.ActiveCfg = Release|Any CPU
		{CF5E887B-8513-4151-AE44-E9EF81297298}.Release|x86.Build.0 = Release|Any CPU
		{D2F6A0A8-FA14-4BA1-B6BF-D28F08A6D580}.Debug|Any CPU.ActiveCfg = Debug|Any CPU
		{D2F6A0A8-FA14-4BA1-B6BF-D28F08A6D580}.Debug|Any CPU.Build.0 = Debug|Any CPU
		{D2F6A0A8-FA14-4BA1-B6BF-D28F08A6D580}.Debug|x64.ActiveCfg = Debug|Any CPU
		{D2F6A0A8-FA14-4BA1-B6BF-D28F08A6D580}.Debug|x64.Build.0 = Debug|Any CPU
		{D2F6A0A8-FA14-4BA1-B6BF-D28F08A6D580}.Debug|x86.ActiveCfg = Debug|Any CPU
		{D2F6A0A8-FA14-4BA1-B6BF-D28F08A6D580}.Debug|x86.Build.0 = Debug|Any CPU
		{D2F6A0A8-FA14-4BA1-B6BF-D28F08A6D580}.Release|Any CPU.ActiveCfg = Release|Any CPU
		{D2F6A0A8-FA14-4BA1-B6BF-D28F08A6D580}.Release|Any CPU.Build.0 = Release|Any CPU
		{D2F6A0A8-FA14-4BA1-B6BF-D28F08A6D580}.Release|x64.ActiveCfg = Release|Any CPU
		{D2F6A0A8-FA14-4BA1-B6BF-D28F08A6D580}.Release|x64.Build.0 = Release|Any CPU
		{D2F6A0A8-FA14-4BA1-B6BF-D28F08A6D580}.Release|x86.ActiveCfg = Release|Any CPU
		{D2F6A0A8-FA14-4BA1-B6BF-D28F08A6D580}.Release|x86.Build.0 = Release|Any CPU
		{10B63F63-8879-47A5-BA9D-7E09F57A19D3}.Debug|Any CPU.ActiveCfg = Debug|Any CPU
		{10B63F63-8879-47A5-BA9D-7E09F57A19D3}.Debug|Any CPU.Build.0 = Debug|Any CPU
		{10B63F63-8879-47A5-BA9D-7E09F57A19D3}.Debug|x64.ActiveCfg = Debug|Any CPU
		{10B63F63-8879-47A5-BA9D-7E09F57A19D3}.Debug|x64.Build.0 = Debug|Any CPU
		{10B63F63-8879-47A5-BA9D-7E09F57A19D3}.Debug|x86.ActiveCfg = Debug|Any CPU
		{10B63F63-8879-47A5-BA9D-7E09F57A19D3}.Debug|x86.Build.0 = Debug|Any CPU
		{10B63F63-8879-47A5-BA9D-7E09F57A19D3}.Release|Any CPU.ActiveCfg = Release|Any CPU
		{10B63F63-8879-47A5-BA9D-7E09F57A19D3}.Release|Any CPU.Build.0 = Release|Any CPU
		{10B63F63-8879-47A5-BA9D-7E09F57A19D3}.Release|x64.ActiveCfg = Release|Any CPU
		{10B63F63-8879-47A5-BA9D-7E09F57A19D3}.Release|x64.Build.0 = Release|Any CPU
		{10B63F63-8879-47A5-BA9D-7E09F57A19D3}.Release|x86.ActiveCfg = Release|Any CPU
		{10B63F63-8879-47A5-BA9D-7E09F57A19D3}.Release|x86.Build.0 = Release|Any CPU
		{2C407445-C3F7-49E7-93E2-DC0098C2A515}.Debug|Any CPU.ActiveCfg = Debug|Any CPU
		{2C407445-C3F7-49E7-93E2-DC0098C2A515}.Debug|Any CPU.Build.0 = Debug|Any CPU
		{2C407445-C3F7-49E7-93E2-DC0098C2A515}.Debug|x64.ActiveCfg = Debug|Any CPU
		{2C407445-C3F7-49E7-93E2-DC0098C2A515}.Debug|x64.Build.0 = Debug|Any CPU
		{2C407445-C3F7-49E7-93E2-DC0098C2A515}.Debug|x86.ActiveCfg = Debug|Any CPU
		{2C407445-C3F7-49E7-93E2-DC0098C2A515}.Debug|x86.Build.0 = Debug|Any CPU
		{2C407445-C3F7-49E7-93E2-DC0098C2A515}.Release|Any CPU.ActiveCfg = Release|Any CPU
		{2C407445-C3F7-49E7-93E2-DC0098C2A515}.Release|Any CPU.Build.0 = Release|Any CPU
		{2C407445-C3F7-49E7-93E2-DC0098C2A515}.Release|x64.ActiveCfg = Release|Any CPU
		{2C407445-C3F7-49E7-93E2-DC0098C2A515}.Release|x64.Build.0 = Release|Any CPU
		{2C407445-C3F7-49E7-93E2-DC0098C2A515}.Release|x86.ActiveCfg = Release|Any CPU
		{2C407445-C3F7-49E7-93E2-DC0098C2A515}.Release|x86.Build.0 = Release|Any CPU
		{C1B15CB5-2765-4AF5-B9E6-D22B5B682D5F}.Debug|Any CPU.ActiveCfg = Debug|Any CPU
		{C1B15CB5-2765-4AF5-B9E6-D22B5B682D5F}.Debug|Any CPU.Build.0 = Debug|Any CPU
		{C1B15CB5-2765-4AF5-B9E6-D22B5B682D5F}.Debug|x64.ActiveCfg = Debug|Any CPU
		{C1B15CB5-2765-4AF5-B9E6-D22B5B682D5F}.Debug|x64.Build.0 = Debug|Any CPU
		{C1B15CB5-2765-4AF5-B9E6-D22B5B682D5F}.Debug|x86.ActiveCfg = Debug|Any CPU
		{C1B15CB5-2765-4AF5-B9E6-D22B5B682D5F}.Debug|x86.Build.0 = Debug|Any CPU
		{C1B15CB5-2765-4AF5-B9E6-D22B5B682D5F}.Release|Any CPU.ActiveCfg = Release|Any CPU
		{C1B15CB5-2765-4AF5-B9E6-D22B5B682D5F}.Release|Any CPU.Build.0 = Release|Any CPU
		{C1B15CB5-2765-4AF5-B9E6-D22B5B682D5F}.Release|x64.ActiveCfg = Release|Any CPU
		{C1B15CB5-2765-4AF5-B9E6-D22B5B682D5F}.Release|x64.Build.0 = Release|Any CPU
		{C1B15CB5-2765-4AF5-B9E6-D22B5B682D5F}.Release|x86.ActiveCfg = Release|Any CPU
		{C1B15CB5-2765-4AF5-B9E6-D22B5B682D5F}.Release|x86.Build.0 = Release|Any CPU
		{FD1BBD11-C746-4ED8-8F3B-D630FAE50D1A}.Debug|Any CPU.ActiveCfg = Debug|Any CPU
		{FD1BBD11-C746-4ED8-8F3B-D630FAE50D1A}.Debug|Any CPU.Build.0 = Debug|Any CPU
		{FD1BBD11-C746-4ED8-8F3B-D630FAE50D1A}.Debug|x64.ActiveCfg = Debug|Any CPU
		{FD1BBD11-C746-4ED8-8F3B-D630FAE50D1A}.Debug|x64.Build.0 = Debug|Any CPU
		{FD1BBD11-C746-4ED8-8F3B-D630FAE50D1A}.Debug|x86.ActiveCfg = Debug|Any CPU
		{FD1BBD11-C746-4ED8-8F3B-D630FAE50D1A}.Debug|x86.Build.0 = Debug|Any CPU
		{FD1BBD11-C746-4ED8-8F3B-D630FAE50D1A}.Release|Any CPU.ActiveCfg = Release|Any CPU
		{FD1BBD11-C746-4ED8-8F3B-D630FAE50D1A}.Release|Any CPU.Build.0 = Release|Any CPU
		{FD1BBD11-C746-4ED8-8F3B-D630FAE50D1A}.Release|x64.ActiveCfg = Release|Any CPU
		{FD1BBD11-C746-4ED8-8F3B-D630FAE50D1A}.Release|x64.Build.0 = Release|Any CPU
		{FD1BBD11-C746-4ED8-8F3B-D630FAE50D1A}.Release|x86.ActiveCfg = Release|Any CPU
		{FD1BBD11-C746-4ED8-8F3B-D630FAE50D1A}.Release|x86.Build.0 = Release|Any CPU
		{D84517C5-1883-48A1-A779-9ECD42C0CF78}.Debug|Any CPU.ActiveCfg = Debug|Any CPU
		{D84517C5-1883-48A1-A779-9ECD42C0CF78}.Debug|Any CPU.Build.0 = Debug|Any CPU
		{D84517C5-1883-48A1-A779-9ECD42C0CF78}.Debug|x64.ActiveCfg = Debug|Any CPU
		{D84517C5-1883-48A1-A779-9ECD42C0CF78}.Debug|x64.Build.0 = Debug|Any CPU
		{D84517C5-1883-48A1-A779-9ECD42C0CF78}.Debug|x86.ActiveCfg = Debug|Any CPU
		{D84517C5-1883-48A1-A779-9ECD42C0CF78}.Debug|x86.Build.0 = Debug|Any CPU
		{D84517C5-1883-48A1-A779-9ECD42C0CF78}.Release|Any CPU.ActiveCfg = Release|Any CPU
		{D84517C5-1883-48A1-A779-9ECD42C0CF78}.Release|Any CPU.Build.0 = Release|Any CPU
		{D84517C5-1883-48A1-A779-9ECD42C0CF78}.Release|x64.ActiveCfg = Release|Any CPU
		{D84517C5-1883-48A1-A779-9ECD42C0CF78}.Release|x64.Build.0 = Release|Any CPU
		{D84517C5-1883-48A1-A779-9ECD42C0CF78}.Release|x86.ActiveCfg = Release|Any CPU
		{D84517C5-1883-48A1-A779-9ECD42C0CF78}.Release|x86.Build.0 = Release|Any CPU
	EndGlobalSection
	GlobalSection(SolutionProperties) = preSolution
		HideSolutionNode = FALSE
	EndGlobalSection
	GlobalSection(NestedProjects) = preSolution
		{90298CBA-BD6F-3A0A-69D5-97CAD7B05E7E} = {827E0CD3-B72D-47B6-A68D-7590B98EB39B}
		{CF5E887B-8513-4151-AE44-E9EF81297298} = {90298CBA-BD6F-3A0A-69D5-97CAD7B05E7E}
		{D2F6A0A8-FA14-4BA1-B6BF-D28F08A6D580} = {0AB3BF05-4346-4AA6-1389-037BE0695223}
		{984BB9B3-3FA3-BE33-9484-CAC21695A33C} = {827E0CD3-B72D-47B6-A68D-7590B98EB39B}
		{473EF3C4-73FA-6715-AA3C-7C7929374EED} = {984BB9B3-3FA3-BE33-9484-CAC21695A33C}
		{10B63F63-8879-47A5-BA9D-7E09F57A19D3} = {473EF3C4-73FA-6715-AA3C-7C7929374EED}
		{2C407445-C3F7-49E7-93E2-DC0098C2A515} = {473EF3C4-73FA-6715-AA3C-7C7929374EED}
		{C1B15CB5-2765-4AF5-B9E6-D22B5B682D5F} = {0AB3BF05-4346-4AA6-1389-037BE0695223}
		{FD1BBD11-C746-4ED8-8F3B-D630FAE50D1A} = {473EF3C4-73FA-6715-AA3C-7C7929374EED}
		{FCA01246-F2C6-0AA7-D43F-FD13BE0B9D88} = {827E0CD3-B72D-47B6-A68D-7590B98EB39B}
		{D84517C5-1883-48A1-A779-9ECD42C0CF78} = {FCA01246-F2C6-0AA7-D43F-FD13BE0B9D88}
	EndGlobalSection
EndGlobal
